
Microsoft Visual Studio Solution File, Format Version 12.00
# Visual Studio Version 16
VisualStudioVersion = 16.0.33801.447
MinimumVisualStudioVersion = 10.0.40219.1
Project("{2150E333-8FDC-42A3-9474-1A3956D46DE8}") = "Foundation", "Foundation", "{C556D002-F1C3-487D-A312-B3C4D355BFA8}"
EndProject
Project("{FAE04EC0-301F-11D3-BF4B-00C04F79EFBC}") = "CustomDynamicPlaceholder", "src\Foundation\CustomDynamicPlaceholder\CustomDynamicPlaceholder.csproj", "{48C0F8C5-D5E3-4904-9B09-E6113E1028AC}"
EndProject
Global
	GlobalSection(SolutionConfigurationPlatforms) = preSolution
		Debug|Any CPU = Debug|Any CPU
		Release|Any CPU = Release|Any CPU
	EndGlobalSection
	GlobalSection(ProjectConfigurationPlatforms) = postSolution
		{48C0F8C5-D5E3-4904-9B09-E6113E1028AC}.Debug|Any CPU.ActiveCfg = Debug|Any CPU
		{48C0F8C5-D5E3-4904-9B09-E6113E1028AC}.Debug|Any CPU.Build.0 = Debug|Any CPU
		{48C0F8C5-D5E3-4904-9B09-E6113E1028AC}.Release|Any CPU.ActiveCfg = Release|Any CPU
		{48C0F8C5-D5E3-4904-9B09-E6113E1028AC}.Release|Any CPU.Build.0 = Release|Any CPU
	EndGlobalSection
	GlobalSection(SolutionProperties) = preSolution
		HideSolutionNode = FALSE
	EndGlobalSection
	GlobalSection(NestedProjects) = preSolution
		{48C0F8C5-D5E3-4904-9B09-E6113E1028AC} = {C556D002-F1C3-487D-A312-B3C4D355BFA8}
	EndGlobalSection
	GlobalSection(ExtensibilityGlobals) = postSolution
		SolutionGuid = {61A05BA5-3D32-48EE-8404-B21D548AE1A2}
	EndGlobalSection
EndGlobal
